
Microsoft Visual Studio Solution File, Format Version 12.00
# Visual Studio Version 17
VisualStudioVersion = 17.8.34322.80
MinimumVisualStudioVersion = 10.0.40219.1
Project("{9A19103F-16F7-4668-BE54-9A1E7A4F7556}") = "ProjectIdleAPI", "ProjectIdleAPI.csproj", "{73D3CAB0-8D43-4C88-94B1-811C165DEEF1}"
EndProject
Project("{FAE04EC0-301F-11D3-BF4B-00C04F79EFBC}") = "ProjectIdleWeb", "..\ProjectIdleWeb\ProjectIdleWeb.csproj", "{D6F9ED6A-54C5-4C14-857B-C066A419A836}"
EndProject
Global
	GlobalSection(SolutionConfigurationPlatforms) = preSolution
		Debug|Any CPU = Debug|Any CPU
		Release|Any CPU = Release|Any CPU
	EndGlobalSection
	GlobalSection(ProjectConfigurationPlatforms) = postSolution
		{73D3CAB0-8D43-4C88-94B1-811C165DEEF1}.Debug|Any CPU.ActiveCfg = Debug|Any CPU
		{73D3CAB0-8D43-4C88-94B1-811C165DEEF1}.Debug|Any CPU.Build.0 = Debug|Any CPU
		{73D3CAB0-8D43-4C88-94B1-811C165DEEF1}.Release|Any CPU.ActiveCfg = Release|Any CPU
		{73D3CAB0-8D43-4C88-94B1-811C165DEEF1}.Release|Any CPU.Build.0 = Release|Any CPU
		{D6F9ED6A-54C5-4C14-857B-C066A419A836}.Debug|Any CPU.ActiveCfg = Debug|Any CPU
		{D6F9ED6A-54C5-4C14-857B-C066A419A836}.Debug|Any CPU.Build.0 = Debug|Any CPU
		{D6F9ED6A-54C5-4C14-857B-C066A419A836}.Release|Any CPU.ActiveCfg = Release|Any CPU
		{D6F9ED6A-54C5-4C14-857B-C066A419A836}.Release|Any CPU.Build.0 = Release|Any CPU
	EndGlobalSection
	GlobalSection(SolutionProperties) = preSolution
		HideSolutionNode = FALSE
	EndGlobalSection
	GlobalSection(ExtensibilityGlobals) = postSolution
		SolutionGuid = {7EE54ABB-9994-4AB2-BEFD-A1E8FF0B9D4E}
	EndGlobalSection
EndGlobal
